
Microsoft Visual Studio Solution File, Format Version 12.00
# Visual Studio 15
VisualStudioVersion = 15.0.27428.2005
MinimumVisualStudioVersion = 10.0.40219.1
Project("{8BC9CEB8-8B4A-11D0-8D11-00A0C91BC942}") = "Game1", "Game1\Game1.vcxproj", "{8B7B0B48-567A-483C-B9CB-4B8EEA978C2A}"
EndProject
Global
	GlobalSection(SolutionConfigurationPlatforms) = preSolution
		Debug|x64 = Debug|x64
		Debug|x86 = Debug|x86
		Release|x64 = Release|x64
		Release|x86 = Release|x86
	EndGlobalSection
	GlobalSection(ProjectConfigurationPlatforms) = postSolution
		{8B7B0B48-567A-483C-B9CB-4B8EEA978C2A}.Debug|x64.ActiveCfg = Debug|x64
		{8B7B0B48-567A-483C-B9CB-4B8EEA978C2A}.Debug|x64.Build.0 = Debug|x64
		{8B7B0B48-567A-483C-B9CB-4B8EEA978C2A}.Debug|x86.ActiveCfg = Debug|x64
		{8B7B0B48-567A-483C-B9CB-4B8EEA978C2A}.Debug|x86.Build.0 = Debug|x64
		{8B7B0B48-567A-483C-B9CB-4B8EEA978C2A}.Release|x64.ActiveCfg = Release|x64
		{8B7B0B48-567A-483C-B9CB-4B8EEA978C2A}.Release|x64.Build.0 = Release|x64
		{8B7B0B48-567A-483C-B9CB-4B8EEA978C2A}.Release|x86.ActiveCfg = Release|Win32
		{8B7B0B48-567A-483C-B9CB-4B8EEA978C2A}.Release|x86.Build.0 = Release|Win32
	EndGlobalSection
	GlobalSection(SolutionProperties) = preSolution
		HideSolutionNode = FALSE
	EndGlobalSection
	GlobalSection(ExtensibilityGlobals) = postSolution
		SolutionGuid = {88D7C114-2EF8-48B3-8DB5-B6959B7A0A38}
	EndGlobalSection
EndGlobal
